
Microsoft Visual Studio Solution File, Format Version 12.00
# Visual Studio Version 17
VisualStudioVersion = 17.5.33530.505
MinimumVisualStudioVersion = 10.0.40219.1
Project("{FAE04EC0-301F-11D3-BF4B-00C04F79EFBC}") = "Home_Task_4_ListBox_Module_3", "Home_Task_4_ListBox_Module_3\Home_Task_4_ListBox_Module_3.csproj", "{4979286F-CFC5-4C84-B926-98B2E73F8CDC}"
EndProject
Global
	GlobalSection(SolutionConfigurationPlatforms) = preSolution
		Debug|Any CPU = Debug|Any CPU
		Release|Any CPU = Release|Any CPU
	EndGlobalSection
	GlobalSection(ProjectConfigurationPlatforms) = postSolution
		{4979286F-CFC5-4C84-B926-98B2E73F8CDC}.Debug|Any CPU.ActiveCfg = Debug|Any CPU
		{4979286F-CFC5-4C84-B926-98B2E73F8CDC}.Debug|Any CPU.Build.0 = Debug|Any CPU
		{4979286F-CFC5-4C84-B926-98B2E73F8CDC}.Release|Any CPU.ActiveCfg = Release|Any CPU
		{4979286F-CFC5-4C84-B926-98B2E73F8CDC}.Release|Any CPU.Build.0 = Release|Any CPU
	EndGlobalSection
	GlobalSection(SolutionProperties) = preSolution
		HideSolutionNode = FALSE
	EndGlobalSection
	GlobalSection(ExtensibilityGlobals) = postSolution
		SolutionGuid = {B6B98283-917B-45B4-9676-E5DC2B0461A5}
	EndGlobalSection
EndGlobal
